{
  "name": "@sohne/shader.vista",
  "version": "0.0.5",
  "lockfileVersion": 3,
  "requires": true,
  "packages": {
    "": {
      "name": "@sohne/shader.vista",
      "version": "0.0.5",
      "license": "GPL-3.0",
      "devDependencies": {
        "@types/webgl2": "^0.0.11",
        "typescript": "^5.5.2"
      }
    },
    "node_modules/@types/webgl2": {
      "version": "0.0.11",
      "resolved": "https://registry.npmjs.org/@types/webgl2/-/webgl2-0.0.11.tgz",
      "integrity": "sha512-LFa4je4lUbqDVRNeC2W1ZRM8dOgsGsm23MZO7m/EllCVg07yB65W3eUF4MAM+0LU9X6x/0NTrvXxAW0pmipNdw==",
      "dev": true
    },
    "node_modules/typescript": {
      "version": "5.5.2",
      "resolved": "https://registry.npmjs.org/typescript/-/typescript-5.5.2.tgz",
      "integrity": "sha512-NcRtPEOsPFFWjobJEtfihkLCZCXZt/os3zf8nTxjVH3RvTSxjrCamJpbExGvYOF+tFHc3pA65qpdwPbzjohhew==",
      "dev": true,
      "bin": {
        "tsc": "bin/tsc",
        "tsserver": "bin/tsserver"
      },
      "engines": {
        "node": ">=14.17"
      }
    }
  }
}
